{
  "nodes": {
    "flake-utils": {
      "locked": {
        "lastModified": 1631561581,
        "narHash": "sha256-3VQMV5zvxaVLvqqUrNz3iJelLw30mIVSfZmAaauM3dA=",
        "owner": "numtide",
        "repo": "flake-utils",
        "rev": "7e5bf3925f6fbdfaf50a2a7ca0be2879c4261d19",
        "type": "github"
      },
      "original": {
        "owner": "numtide",
        "repo": "flake-utils",
        "type": "github"
      }
    },
    "idris": {
      "inputs": {
        "flake-utils": [
          "flake-utils"
        ],
        "idris-emacs-src": "idris-emacs-src",
        "nixpkgs": [
          "nixpkgs"
        ],
        "nixpkgs-chez-racket": "nixpkgs-chez-racket"
      },
      "locked": {
        "lastModified": 1632512335,
        "narHash": "sha256-PfhOjUdPS9frBG2ouHdK5CvbS1jro25/uSVsGvMfcJ0=",
        "owner": "idris-lang",
        "repo": "Idris2",
        "rev": "a9ccf4db4f69677c5287a1278ab167247dac161d",
        "type": "github"
      },
      "original": {
        "owner": "idris-lang",
        "repo": "Idris2",
        "type": "github"
      }
    },
    "idris-emacs-src": {
      "flake": false,
      "locked": {
        "lastModified": 1613351183,
        "narHash": "sha256-ngg48SzrR2LCtjle3WR3BOK86USRB0ZXmgXWu9EzQbo=",
        "owner": "redfish64",
        "repo": "idris2-mode",
        "rev": "77390611a934f13e03a45e9f8a4e476dd17a9c5b",
        "type": "github"
      },
      "original": {
        "owner": "redfish64",
        "repo": "idris2-mode",
        "type": "github"
      }
    },
    "nixpkgs": {
      "locked": {
        "lastModified": 1632600271,
        "narHash": "sha256-2WndMSEsdnamVktLmYLd8dZrRsGCH5Bd8mu5L4HuupU=",
        "owner": "NixOS",
        "repo": "nixpkgs",
        "rev": "6201954aa117d24cc73e46f355c0ea19b8fcad6f",
        "type": "github"
      },
      "original": {
        "id": "nixpkgs",
        "type": "indirect"
      }
    },
    "nixpkgs-chez-racket": {
      "locked": {
        "lastModified": 1627484694,
        "narHash": "sha256-UsEb5G0ZJ8l/2y9u9FNj2akXx2PC5QAan24U3t32cfI=",
        "owner": "L-as",
        "repo": "nixpkgs",
        "rev": "9b3c4bee8cee477ac03b0cfd4ebca40954c66106",
        "type": "github"
      },
      "original": {
        "owner": "L-as",
        "ref": "chez-racket",
        "repo": "nixpkgs",
        "type": "github"
      }
    },
    "root": {
      "inputs": {
        "flake-utils": "flake-utils",
        "idris": "idris",
        "nixpkgs": "nixpkgs"
      }
    }
  },
  "root": "root",
  "version": 7
}
