{
  "nodes": {
    "flake-compat": {
      "flake": false,
      "locked": {
        "lastModified": 1761588595,
        "narHash": "sha256-XKUZz9zewJNUj46b4AJdiRZJAvSZ0Dqj2BNfXvFlJC4=",
        "owner": "edolstra",
        "repo": "flake-compat",
        "rev": "f387cd2afec9419c8ee37694406ca490c3f34ee5",
        "type": "github"
      },
      "original": {
        "owner": "edolstra",
        "repo": "flake-compat",
        "type": "github"
      }
    },
    "flake-utils": {
      "inputs": {
        "systems": "systems"
      },
      "locked": {
        "lastModified": 1731533236,
        "narHash": "sha256-l0KFg5HjrsfsO/JpG+r7fRrqm12kzFHyUHqHCVpMMbI=",
        "owner": "numtide",
        "repo": "flake-utils",
        "rev": "11707dc2f618dd54ca8739b309ec4fc024de578b",
        "type": "github"
      },
      "original": {
        "owner": "numtide",
        "repo": "flake-utils",
        "type": "github"
      }
    },
    "flake-utils_2": {
      "inputs": {
        "systems": "systems_2"
      },
      "locked": {
        "lastModified": 1705309234,
        "narHash": "sha256-uNRRNRKmJyCRC/8y1RqBkqWBLM034y4qN7EprSdmgyA=",
        "owner": "numtide",
        "repo": "flake-utils",
        "rev": "1ef2e671c3b0c19053962c07dbda38332dcebf26",
        "type": "github"
      },
      "original": {
        "owner": "numtide",
        "repo": "flake-utils",
        "type": "github"
      }
    },
    "gitignore": {
      "inputs": {
        "nixpkgs": [
          "pre-commit-hooks",
          "nixpkgs"
        ]
      },
      "locked": {
        "lastModified": 1709087332,
        "narHash": "sha256-HG2cCnktfHsKV0s4XW83gU3F57gaTljL9KNSuG6bnQs=",
        "owner": "hercules-ci",
        "repo": "gitignore.nix",
        "rev": "637db329424fd7e46cf4185293b9cc8c88c95394",
        "type": "github"
      },
      "original": {
        "owner": "hercules-ci",
        "repo": "gitignore.nix",
        "type": "github"
      }
    },
    "idris": {
      "inputs": {
        "flake-utils": [
          "flake-utils"
        ],
        "idris-emacs-src": "idris-emacs-src",
        "nixpkgs": [
          "nixpkgs"
        ]
      },
      "locked": {
        "lastModified": 1765964722,
        "narHash": "sha256-NBXSDN9oNXP7Q3SWocvMXdwQP+pAEOBnHLA0dBqnjVY=",
        "owner": "idris-lang",
        "repo": "Idris2",
        "rev": "0e9b01d0400593fa99b320c56f6e77406a4eb968",
        "type": "github"
      },
      "original": {
        "owner": "idris-lang",
        "repo": "Idris2",
        "type": "github"
      }
    },
    "idris-emacs-src": {
      "flake": false,
      "locked": {
        "lastModified": 1734683778,
        "narHash": "sha256-8SIseFPHpdDO0uG3u65xJ0CHNfVu5O36meONZI7oorw=",
        "owner": "idris-community",
        "repo": "idris2-mode",
        "rev": "5b4513692124de34aac13985bf48f756d9a8248f",
        "type": "github"
      },
      "original": {
        "owner": "idris-community",
        "repo": "idris2-mode",
        "type": "github"
      }
    },
    "nixpkgs": {
      "locked": {
        "lastModified": 1766125104,
        "narHash": "sha256-l/YGrEpLromL4viUo5GmFH3K5M1j0Mb9O+LiaeCPWEM=",
        "owner": "NixOS",
        "repo": "nixpkgs",
        "rev": "7d853e518814cca2a657b72eeba67ae20ebf7059",
        "type": "github"
      },
      "original": {
        "id": "nixpkgs",
        "type": "indirect"
      }
    },
    "nixpkgs_2": {
      "locked": {
        "lastModified": 1764947035,
        "narHash": "sha256-EYHSjVM4Ox4lvCXUMiKKs2vETUSL5mx+J2FfutM7T9w=",
        "owner": "NixOS",
        "repo": "nixpkgs",
        "rev": "a672be65651c80d3f592a89b3945466584a22069",
        "type": "github"
      },
      "original": {
        "owner": "NixOS",
        "ref": "nixpkgs-unstable",
        "repo": "nixpkgs",
        "type": "github"
      }
    },
    "nixpkgs_3": {
      "locked": {
        "lastModified": 1708247094,
        "narHash": "sha256-H2VS7VwesetGDtIaaz4AMsRkPoSLEVzL/Ika8gnbUnE=",
        "owner": "NixOS",
        "repo": "nixpkgs",
        "rev": "045b51a3ae66f673ed44b5bbd1f4a341d96703bf",
        "type": "github"
      },
      "original": {
        "id": "nixpkgs",
        "type": "indirect"
      }
    },
    "papers": {
      "flake": false,
      "locked": {
        "dir": "libs/papers",
        "lastModified": 1765964722,
        "narHash": "sha256-NBXSDN9oNXP7Q3SWocvMXdwQP+pAEOBnHLA0dBqnjVY=",
        "owner": "idris-lang",
        "repo": "Idris2",
        "rev": "0e9b01d0400593fa99b320c56f6e77406a4eb968",
        "type": "github"
      },
      "original": {
        "dir": "libs/papers",
        "owner": "idris-lang",
        "repo": "Idris2",
        "type": "github"
      }
    },
    "pre-commit-hooks": {
      "inputs": {
        "flake-compat": "flake-compat",
        "gitignore": "gitignore",
        "nixpkgs": "nixpkgs_2"
      },
      "locked": {
        "lastModified": 1765911976,
        "narHash": "sha256-t3T/xm8zstHRLx+pIHxVpQTiySbKqcQbK+r+01XVKc0=",
        "owner": "cachix",
        "repo": "pre-commit-hooks.nix",
        "rev": "b68b780b69702a090c8bb1b973bab13756cc7a27",
        "type": "github"
      },
      "original": {
        "owner": "cachix",
        "repo": "pre-commit-hooks.nix",
        "type": "github"
      }
    },
    "replicadhall": {
      "inputs": {
        "flake-utils": "flake-utils_2",
        "nixpkgs": "nixpkgs_3"
      },
      "locked": {
        "lastModified": 1765888424,
        "narHash": "sha256-BQaB5jEc1glmAMwmIsd3X1vffwEW3rLfKNXtoS7/fN8=",
        "owner": "ReplicaTest",
        "repo": "replica-dhall",
        "rev": "bc9dab8bc42facf946513fc370d96d8beceeda84",
        "type": "github"
      },
      "original": {
        "owner": "ReplicaTest",
        "repo": "replica-dhall",
        "type": "github"
      }
    },
    "root": {
      "inputs": {
        "flake-utils": "flake-utils",
        "idris": "idris",
        "nixpkgs": "nixpkgs",
        "papers": "papers",
        "pre-commit-hooks": "pre-commit-hooks",
        "replicadhall": "replicadhall"
      }
    },
    "systems": {
      "locked": {
        "lastModified": 1681028828,
        "narHash": "sha256-Vy1rq5AaRuLzOxct8nz4T6wlgyUR7zLU309k9mBC768=",
        "owner": "nix-systems",
        "repo": "default",
        "rev": "da67096a3b9bf56a91d16901293e51ba5b49a27e",
        "type": "github"
      },
      "original": {
        "owner": "nix-systems",
        "repo": "default",
        "type": "github"
      }
    },
    "systems_2": {
      "locked": {
        "lastModified": 1681028828,
        "narHash": "sha256-Vy1rq5AaRuLzOxct8nz4T6wlgyUR7zLU309k9mBC768=",
        "owner": "nix-systems",
        "repo": "default",
        "rev": "da67096a3b9bf56a91d16901293e51ba5b49a27e",
        "type": "github"
      },
      "original": {
        "owner": "nix-systems",
        "repo": "default",
        "type": "github"
      }
    }
  },
  "root": "root",
  "version": 7
}
