{
  "nodes": {
    "flake-compat": {
      "flake": false,
      "locked": {
        "lastModified": 1696426674,
        "narHash": "sha256-kvjfFW7WAETZlt09AgDn1MrtKzP7t90Vf7vypd3OL1U=",
        "owner": "edolstra",
        "repo": "flake-compat",
        "rev": "0f9255e01c2351cc7d116c072cb317785dd33b33",
        "type": "github"
      },
      "original": {
        "owner": "edolstra",
        "repo": "flake-compat",
        "type": "github"
      }
    },
    "flake-utils": {
      "inputs": {
        "systems": "systems"
      },
      "locked": {
        "lastModified": 1705309234,
        "narHash": "sha256-uNRRNRKmJyCRC/8y1RqBkqWBLM034y4qN7EprSdmgyA=",
        "owner": "numtide",
        "repo": "flake-utils",
        "rev": "1ef2e671c3b0c19053962c07dbda38332dcebf26",
        "type": "github"
      },
      "original": {
        "owner": "numtide",
        "repo": "flake-utils",
        "type": "github"
      }
    },
    "flake-utils_2": {
      "inputs": {
        "systems": "systems_2"
      },
      "locked": {
        "lastModified": 1701680307,
        "narHash": "sha256-kAuep2h5ajznlPMD9rnQyffWG8EM/C73lejGofXvdM8=",
        "owner": "numtide",
        "repo": "flake-utils",
        "rev": "4022d587cbbfd70fe950c1e2083a02621806a725",
        "type": "github"
      },
      "original": {
        "owner": "numtide",
        "repo": "flake-utils",
        "type": "github"
      }
    },
    "flake-utils_3": {
      "locked": {
        "lastModified": 1667395993,
        "narHash": "sha256-nuEHfE/LcWyuSWnS8t12N1wc105Qtau+/OdUAjtQ0rA=",
        "owner": "numtide",
        "repo": "flake-utils",
        "rev": "5aed5285a952e0b949eb3ba02c12fa4fcfef535f",
        "type": "github"
      },
      "original": {
        "owner": "numtide",
        "repo": "flake-utils",
        "type": "github"
      }
    },
    "gitignore": {
      "inputs": {
        "nixpkgs": [
          "pre-commit-hooks",
          "nixpkgs"
        ]
      },
      "locked": {
        "lastModified": 1703887061,
        "narHash": "sha256-gGPa9qWNc6eCXT/+Z5/zMkyYOuRZqeFZBDbopNZQkuY=",
        "owner": "hercules-ci",
        "repo": "gitignore.nix",
        "rev": "43e1aa1308018f37118e34d3a9cb4f5e75dc11d5",
        "type": "github"
      },
      "original": {
        "owner": "hercules-ci",
        "repo": "gitignore.nix",
        "type": "github"
      }
    },
    "idris": {
      "inputs": {
        "flake-utils": [
          "flake-utils"
        ],
        "idris-emacs-src": "idris-emacs-src",
        "nixpkgs": [
          "nixpkgs"
        ]
      },
      "locked": {
        "lastModified": 1708006606,
        "narHash": "sha256-UyhP0NsunLq+NIYzEgVRjXuXhTPpQYFwqGL65rPa3qw=",
        "owner": "idris-lang",
        "repo": "Idris2",
        "rev": "034f1e89c4c58cdd59aabe2b0d0fe4e9ff3411f6",
        "type": "github"
      },
      "original": {
        "owner": "idris-lang",
        "repo": "Idris2",
        "type": "github"
      }
    },
    "idris-emacs-src": {
      "flake": false,
      "locked": {
        "lastModified": 1666078909,
        "narHash": "sha256-oYNHFIpcrFfPb4sXJwEBFKeH+PB4AGCrAFrfBrSTCeo=",
        "owner": "redfish64",
        "repo": "idris2-mode",
        "rev": "3bcb52a65c488f31c99d20f235f6050418a84c9d",
        "type": "github"
      },
      "original": {
        "owner": "redfish64",
        "repo": "idris2-mode",
        "type": "github"
      }
    },
    "nixpkgs": {
      "locked": {
        "lastModified": 1708247094,
        "narHash": "sha256-H2VS7VwesetGDtIaaz4AMsRkPoSLEVzL/Ika8gnbUnE=",
        "owner": "NixOS",
        "repo": "nixpkgs",
        "rev": "045b51a3ae66f673ed44b5bbd1f4a341d96703bf",
        "type": "github"
      },
      "original": {
        "id": "nixpkgs",
        "type": "indirect"
      }
    },
    "nixpkgs-stable": {
      "locked": {
        "lastModified": 1704874635,
        "narHash": "sha256-YWuCrtsty5vVZvu+7BchAxmcYzTMfolSPP5io8+WYCg=",
        "owner": "NixOS",
        "repo": "nixpkgs",
        "rev": "3dc440faeee9e889fe2d1b4d25ad0f430d449356",
        "type": "github"
      },
      "original": {
        "owner": "NixOS",
        "ref": "nixos-23.11",
        "repo": "nixpkgs",
        "type": "github"
      }
    },
    "nixpkgs_2": {
      "locked": {
        "lastModified": 1704842529,
        "narHash": "sha256-OTeQA+F8d/Evad33JMfuXC89VMetQbsU4qcaePchGr4=",
        "owner": "NixOS",
        "repo": "nixpkgs",
        "rev": "eabe8d3eface69f5bb16c18f8662a702f50c20d5",
        "type": "github"
      },
      "original": {
        "owner": "NixOS",
        "ref": "nixpkgs-unstable",
        "repo": "nixpkgs",
        "type": "github"
      }
    },
    "nixpkgs_3": {
      "locked": {
        "lastModified": 1672428209,
        "narHash": "sha256-eejhqkDz2cb2vc5VeaWphJz8UXNuoNoM8/Op8eWv2tQ=",
        "owner": "NixOS",
        "repo": "nixpkgs",
        "rev": "293a28df6d7ff3dec1e61e37cc4ee6e6c0fb0847",
        "type": "github"
      },
      "original": {
        "id": "nixpkgs",
        "type": "indirect"
      }
    },
    "papers": {
      "flake": false,
      "locked": {
        "dir": "libs/papers",
        "lastModified": 1708006606,
        "narHash": "sha256-UyhP0NsunLq+NIYzEgVRjXuXhTPpQYFwqGL65rPa3qw=",
        "owner": "idris-lang",
        "repo": "Idris2",
        "rev": "034f1e89c4c58cdd59aabe2b0d0fe4e9ff3411f6",
        "type": "github"
      },
      "original": {
        "dir": "libs/papers",
        "owner": "idris-lang",
        "repo": "Idris2",
        "type": "github"
      }
    },
    "pre-commit-hooks": {
      "inputs": {
        "flake-compat": "flake-compat",
        "flake-utils": "flake-utils_2",
        "gitignore": "gitignore",
        "nixpkgs": "nixpkgs_2",
        "nixpkgs-stable": "nixpkgs-stable"
      },
      "locked": {
        "lastModified": 1708018599,
        "narHash": "sha256-M+Ng6+SePmA8g06CmUZWi1AjG2tFBX9WCXElBHEKnyM=",
        "owner": "cachix",
        "repo": "pre-commit-hooks.nix",
        "rev": "5df5a70ad7575f6601d91f0efec95dd9bc619431",
        "type": "github"
      },
      "original": {
        "owner": "cachix",
        "repo": "pre-commit-hooks.nix",
        "type": "github"
      }
    },
    "replicadhall": {
      "inputs": {
        "flake-utils": "flake-utils_3",
        "nixpkgs": "nixpkgs_3"
      },
      "locked": {
        "lastModified": 1673631378,
        "narHash": "sha256-b4PO6un9kCx736oxSxmZHEmai9YrhGY70xQUX9sTe9s=",
        "owner": "ReplicaTest",
        "repo": "replica-dhall",
        "rev": "38430dd1485cc787532a3ebd19dce3ce2d059bcc",
        "type": "github"
      },
      "original": {
        "owner": "ReplicaTest",
        "repo": "replica-dhall",
        "type": "github"
      }
    },
    "root": {
      "inputs": {
        "flake-utils": "flake-utils",
        "idris": "idris",
        "nixpkgs": "nixpkgs",
        "papers": "papers",
        "pre-commit-hooks": "pre-commit-hooks",
        "replicadhall": "replicadhall"
      }
    },
    "systems": {
      "locked": {
        "lastModified": 1681028828,
        "narHash": "sha256-Vy1rq5AaRuLzOxct8nz4T6wlgyUR7zLU309k9mBC768=",
        "owner": "nix-systems",
        "repo": "default",
        "rev": "da67096a3b9bf56a91d16901293e51ba5b49a27e",
        "type": "github"
      },
      "original": {
        "owner": "nix-systems",
        "repo": "default",
        "type": "github"
      }
    },
    "systems_2": {
      "locked": {
        "lastModified": 1681028828,
        "narHash": "sha256-Vy1rq5AaRuLzOxct8nz4T6wlgyUR7zLU309k9mBC768=",
        "owner": "nix-systems",
        "repo": "default",
        "rev": "da67096a3b9bf56a91d16901293e51ba5b49a27e",
        "type": "github"
      },
      "original": {
        "owner": "nix-systems",
        "repo": "default",
        "type": "github"
      }
    }
  },
  "root": "root",
  "version": 7
}
